
Microsoft Visual Studio Solution File, Format Version 12.00
# Visual Studio Version 17
VisualStudioVersion = 17.14.36327.8
MinimumVisualStudioVersion = 10.0.40219.1
Project("{FAE04EC0-301F-11D3-BF4B-00C04F79EFBC}") = "MeetingsApp.Api", "MeetingsApp.Api\MeetingsApp.Api.csproj", "{C38DDCED-A59A-F07B-2DF8-493B4492DD33}"
EndProject
Project("{FAE04EC0-301F-11D3-BF4B-00C04F79EFBC}") = "MeetingsApp.Data", "MeetingsApp.Data\MeetingsApp.Data.csproj", "{CBFB6527-26A8-C091-88E2-4795902A3334}"
EndProject
Project("{FAE04EC0-301F-11D3-BF4B-00C04F79EFBC}") = "MeetingsApp.Model", "MeetingsApp.Model\MeetingsApp.Model.csproj", "{00C42088-1F4C-E78C-2727-7D1AA9AC5155}"
EndProject
Global
	GlobalSection(SolutionConfigurationPlatforms) = preSolution
		Debug|Any CPU = Debug|Any CPU
		Release|Any CPU = Release|Any CPU
	EndGlobalSection
	GlobalSection(ProjectConfigurationPlatforms) = postSolution
		{C38DDCED-A59A-F07B-2DF8-493B4492DD33}.Debug|Any CPU.ActiveCfg = Debug|Any CPU
		{C38DDCED-A59A-F07B-2DF8-493B4492DD33}.Debug|Any CPU.Build.0 = Debug|Any CPU
		{C38DDCED-A59A-F07B-2DF8-493B4492DD33}.Release|Any CPU.ActiveCfg = Release|Any CPU
		{C38DDCED-A59A-F07B-2DF8-493B4492DD33}.Release|Any CPU.Build.0 = Release|Any CPU
		{CBFB6527-26A8-C091-88E2-4795902A3334}.Debug|Any CPU.ActiveCfg = Debug|Any CPU
		{CBFB6527-26A8-C091-88E2-4795902A3334}.Debug|Any CPU.Build.0 = Debug|Any CPU
		{CBFB6527-26A8-C091-88E2-4795902A3334}.Release|Any CPU.ActiveCfg = Release|Any CPU
		{CBFB6527-26A8-C091-88E2-4795902A3334}.Release|Any CPU.Build.0 = Release|Any CPU
		{00C42088-1F4C-E78C-2727-7D1AA9AC5155}.Debug|Any CPU.ActiveCfg = Debug|Any CPU
		{00C42088-1F4C-E78C-2727-7D1AA9AC5155}.Debug|Any CPU.Build.0 = Debug|Any CPU
		{00C42088-1F4C-E78C-2727-7D1AA9AC5155}.Release|Any CPU.ActiveCfg = Release|Any CPU
		{00C42088-1F4C-E78C-2727-7D1AA9AC5155}.Release|Any CPU.Build.0 = Release|Any CPU
	EndGlobalSection
	GlobalSection(SolutionProperties) = preSolution
		HideSolutionNode = FALSE
	EndGlobalSection
	GlobalSection(ExtensibilityGlobals) = postSolution
		SolutionGuid = {ADBB7DD9-CE3B-49E5-B3D1-8506DA9F5842}
	EndGlobalSection
EndGlobal
